
Microsoft Visual Studio Solution File, Format Version 12.00
# Visual Studio Version 17
VisualStudioVersion = 17.12.35527.113
MinimumVisualStudioVersion = 10.0.40219.1
Project("{2150E333-8FDC-42A3-9474-1A3956D46DE8}") = "src", "src", "{4BE3B035-AB25-4CFA-B1C0-B5F5285DDB79}"
EndProject
Project("{2150E333-8FDC-42A3-9474-1A3956D46DE8}") = "tests", "tests", "{6325E458-A893-49B3-B812-A32A019D5657}"
EndProject
Project("{2150E333-8FDC-42A3-9474-1A3956D46DE8}") = "solution items", "solution items", "{887FE6C0-76F7-46DD-90E8-B1B3C528A57A}"
EndProject
Project("{FAE04EC0-301F-11D3-BF4B-00C04F79EFBC}") = "Blog.api", "Blog\Blog.api.csproj", "{4889A1AC-F342-427D-BBA4-64B0A1AA3F18}"
EndProject
Project("{FAE04EC0-301F-11D3-BF4B-00C04F79EFBC}") = "Blog.Console", "Blog.Console\Blog.Console.csproj", "{8EE054BF-7B7C-417E-841B-2B46429B9BB5}"
EndProject
Project("{FAE04EC0-301F-11D3-BF4B-00C04F79EFBC}") = "Blog.Test", "Blog.Test\Blog.Test.csproj", "{2D94C3E1-A7BB-4A01-A994-7D2E3860618C}"
EndProject
Project("{FAE04EC0-301F-11D3-BF4B-00C04F79EFBC}") = "Blog.mvc", "Blog.mvc\Blog.mvc.csproj", "{3B24DB23-DE52-4BC4-8EA5-21C865BF395C}"
EndProject
Project("{FAE04EC0-301F-11D3-BF4B-00C04F79EFBC}") = "Blog.MVC.test", "Blog.MVC.test\Blog.MVC.test.csproj", "{B8D927E8-6AA1-4DDC-8202-F69BC6B87B76}"
EndProject
Global
	GlobalSection(SolutionConfigurationPlatforms) = preSolution
		Debug|Any CPU = Debug|Any CPU
		Release|Any CPU = Release|Any CPU
	EndGlobalSection
	GlobalSection(ProjectConfigurationPlatforms) = postSolution
		{4889A1AC-F342-427D-BBA4-64B0A1AA3F18}.Debug|Any CPU.ActiveCfg = Debug|Any CPU
		{4889A1AC-F342-427D-BBA4-64B0A1AA3F18}.Debug|Any CPU.Build.0 = Debug|Any CPU
		{4889A1AC-F342-427D-BBA4-64B0A1AA3F18}.Release|Any CPU.ActiveCfg = Release|Any CPU
		{4889A1AC-F342-427D-BBA4-64B0A1AA3F18}.Release|Any CPU.Build.0 = Release|Any CPU
		{8EE054BF-7B7C-417E-841B-2B46429B9BB5}.Debug|Any CPU.ActiveCfg = Debug|Any CPU
		{8EE054BF-7B7C-417E-841B-2B46429B9BB5}.Debug|Any CPU.Build.0 = Debug|Any CPU
		{8EE054BF-7B7C-417E-841B-2B46429B9BB5}.Release|Any CPU.ActiveCfg = Release|Any CPU
		{8EE054BF-7B7C-417E-841B-2B46429B9BB5}.Release|Any CPU.Build.0 = Release|Any CPU
		{2D94C3E1-A7BB-4A01-A994-7D2E3860618C}.Debug|Any CPU.ActiveCfg = Debug|Any CPU
		{2D94C3E1-A7BB-4A01-A994-7D2E3860618C}.Debug|Any CPU.Build.0 = Debug|Any CPU
		{2D94C3E1-A7BB-4A01-A994-7D2E3860618C}.Release|Any CPU.ActiveCfg = Release|Any CPU
		{2D94C3E1-A7BB-4A01-A994-7D2E3860618C}.Release|Any CPU.Build.0 = Release|Any CPU
		{3B24DB23-DE52-4BC4-8EA5-21C865BF395C}.Debug|Any CPU.ActiveCfg = Debug|Any CPU
		{3B24DB23-DE52-4BC4-8EA5-21C865BF395C}.Debug|Any CPU.Build.0 = Debug|Any CPU
		{3B24DB23-DE52-4BC4-8EA5-21C865BF395C}.Release|Any CPU.ActiveCfg = Release|Any CPU
		{3B24DB23-DE52-4BC4-8EA5-21C865BF395C}.Release|Any CPU.Build.0 = Release|Any CPU
		{B8D927E8-6AA1-4DDC-8202-F69BC6B87B76}.Debug|Any CPU.ActiveCfg = Debug|Any CPU
		{B8D927E8-6AA1-4DDC-8202-F69BC6B87B76}.Debug|Any CPU.Build.0 = Debug|Any CPU
		{B8D927E8-6AA1-4DDC-8202-F69BC6B87B76}.Release|Any CPU.ActiveCfg = Release|Any CPU
		{B8D927E8-6AA1-4DDC-8202-F69BC6B87B76}.Release|Any CPU.Build.0 = Release|Any CPU
	EndGlobalSection
	GlobalSection(SolutionProperties) = preSolution
		HideSolutionNode = FALSE
	EndGlobalSection
	GlobalSection(NestedProjects) = preSolution
		{4889A1AC-F342-427D-BBA4-64B0A1AA3F18} = {4BE3B035-AB25-4CFA-B1C0-B5F5285DDB79}
		{8EE054BF-7B7C-417E-841B-2B46429B9BB5} = {4BE3B035-AB25-4CFA-B1C0-B5F5285DDB79}
		{2D94C3E1-A7BB-4A01-A994-7D2E3860618C} = {6325E458-A893-49B3-B812-A32A019D5657}
		{3B24DB23-DE52-4BC4-8EA5-21C865BF395C} = {4BE3B035-AB25-4CFA-B1C0-B5F5285DDB79}
		{B8D927E8-6AA1-4DDC-8202-F69BC6B87B76} = {6325E458-A893-49B3-B812-A32A019D5657}
	EndGlobalSection
EndGlobal
